
Microsoft Visual Studio Solution File, Format Version 11.00
# Visual Studio 2010
Project("{FAE04EC0-301F-11D3-BF4B-00C04F79EFBC}") = "Assembly-CSharp", "Assembly-CSharp.csproj", "{9072657E-9F96-357D-241B-44D24BA3502F}"
EndProject
Project("{FAE04EC0-301F-11D3-BF4B-00C04F79EFBC}") = "PhotonUnityNetworking.Demos", "PhotonUnityNetworking.Demos.csproj", "{31C3F987-C9BE-F6F4-8DD3-EAF5C07EE4DD}"
EndProject
Project("{FAE04EC0-301F-11D3-BF4B-00C04F79EFBC}") = "PhotonUnityNetworking.Utilities", "PhotonUnityNetworking.Utilities.csproj", "{67F07F2A-2854-45A4-8679-6E63F3FAE35F}"
EndProject
Project("{FAE04EC0-301F-11D3-BF4B-00C04F79EFBC}") = "TobiiXRDevTools", "TobiiXRDevTools.csproj", "{8C189137-8871-037A-B351-6B2A2F5ADFF4}"
EndProject
Project("{FAE04EC0-301F-11D3-BF4B-00C04F79EFBC}") = "TobiiXRSDK", "TobiiXRSDK.csproj", "{6202AF5E-A483-8127-D2A0-B9BA458D52E6}"
EndProject
Project("{FAE04EC0-301F-11D3-BF4B-00C04F79EFBC}") = "PhotonVoice.API", "PhotonVoice.API.csproj", "{62272E54-3550-09C2-CCC2-F82466872C2E}"
EndProject
Project("{FAE04EC0-301F-11D3-BF4B-00C04F79EFBC}") = "ReadyPlayerMe", "ReadyPlayerMe.csproj", "{6619C0F7-97D5-B174-D0D9-15E6E2A5FDA4}"
EndProject
Project("{FAE04EC0-301F-11D3-BF4B-00C04F79EFBC}") = "PhotonChat", "PhotonChat.csproj", "{DE21DF9B-1F1E-A9F3-C96E-C8B77BCCE55B}"
EndProject
Project("{FAE04EC0-301F-11D3-BF4B-00C04F79EFBC}") = "TobiiXRCore", "TobiiXRCore.csproj", "{F1B1F5BB-4770-EC70-6DA6-2EEA8A90CE08}"
EndProject
Project("{FAE04EC0-301F-11D3-BF4B-00C04F79EFBC}") = "Siccity.GLTFUtility", "Siccity.GLTFUtility.csproj", "{8D355D4D-A919-C698-A534-A68458287D5A}"
EndProject
Project("{FAE04EC0-301F-11D3-BF4B-00C04F79EFBC}") = "PhotonUnityNetworking", "PhotonUnityNetworking.csproj", "{1533DD56-270A-98BB-C137-A242536EFAC8}"
EndProject
Project("{FAE04EC0-301F-11D3-BF4B-00C04F79EFBC}") = "PhotonVoice", "PhotonVoice.csproj", "{0E7F1C4E-1561-7BF3-F338-DE8B73A2A669}"
EndProject
Project("{FAE04EC0-301F-11D3-BF4B-00C04F79EFBC}") = "PhotonRealtime", "PhotonRealtime.csproj", "{1E801A73-599E-0605-5CD4-EB44124CFC39}"
EndProject
Project("{FAE04EC0-301F-11D3-BF4B-00C04F79EFBC}") = "PhotonVoice.PUN", "PhotonVoice.PUN.csproj", "{0311A674-75B3-9E81-AF31-EC6EC400E79F}"
EndProject
Project("{FAE04EC0-301F-11D3-BF4B-00C04F79EFBC}") = "TobiiXRG2OM", "TobiiXRG2OM.csproj", "{B4FF7BE8-535A-39B4-A694-E9AF465F5BEB}"
EndProject
Project("{FAE04EC0-301F-11D3-BF4B-00C04F79EFBC}") = "WebView", "WebView.csproj", "{8DA69870-2021-8A1F-A3B3-250C5BAF8F3C}"
EndProject
Project("{FAE04EC0-301F-11D3-BF4B-00C04F79EFBC}") = "UMolPlayModeTests", "UMolPlayModeTests.csproj", "{F77320CE-5854-7ECE-AE5B-5F2BF9BFEFA2}"
EndProject
Project("{FAE04EC0-301F-11D3-BF4B-00C04F79EFBC}") = "Pcx", "Pcx.csproj", "{B0EE85C2-EB81-428D-CD58-2255532A994D}"
EndProject
Project("{FAE04EC0-301F-11D3-BF4B-00C04F79EFBC}") = "Assembly-CSharp-Editor", "Assembly-CSharp-Editor.csproj", "{2FB59F9F-BC0F-0FBC-0234-957384D911EC}"
EndProject
Project("{FAE04EC0-301F-11D3-BF4B-00C04F79EFBC}") = "PhotonVoice.Editor", "PhotonVoice.Editor.csproj", "{DAED100E-B566-DFF6-9F2D-12968568EFBD}"
EndProject
Project("{FAE04EC0-301F-11D3-BF4B-00C04F79EFBC}") = "TobiiXRInternalEditor", "TobiiXRInternalEditor.csproj", "{E647C6D3-1897-4BB2-BCCC-8D0C9C15D21B}"
EndProject
Project("{FAE04EC0-301F-11D3-BF4B-00C04F79EFBC}") = "Siccity.GLTFUtility.Editor", "Siccity.GLTFUtility.Editor.csproj", "{9BA383F6-EEA2-25C2-870B-08855934A286}"
EndProject
Project("{FAE04EC0-301F-11D3-BF4B-00C04F79EFBC}") = "TobiiXREditor", "TobiiXREditor.csproj", "{D1496D1C-DAA9-F120-A71A-D1E48A6F675F}"
EndProject
Project("{FAE04EC0-301F-11D3-BF4B-00C04F79EFBC}") = "PhotonUnityNetworking.Editor", "PhotonUnityNetworking.Editor.csproj", "{2530A03E-E6F6-5F98-4BA1-522D6C5AA9DF}"
EndProject
Project("{FAE04EC0-301F-11D3-BF4B-00C04F79EFBC}") = "ParrelSync", "ParrelSync.csproj", "{0BB51668-3CF0-EA4F-A0F3-431739A61BDD}"
EndProject
Project("{FAE04EC0-301F-11D3-BF4B-00C04F79EFBC}") = "ReadyPlayerMe.Editor", "ReadyPlayerMe.Editor.csproj", "{616E3C8C-AF25-ACDA-EB2E-2E73665F1133}"
EndProject
Project("{FAE04EC0-301F-11D3-BF4B-00C04F79EFBC}") = "PhotonVoice.Utilities.Editor", "PhotonVoice.Utilities.Editor.csproj", "{B3D19651-E291-9363-7858-63D1FFC54269}"
EndProject
Project("{FAE04EC0-301F-11D3-BF4B-00C04F79EFBC}") = "PunDemos.DemoHubEditor", "PunDemos.DemoHubEditor.csproj", "{739A7EB2-B767-53A7-0CDD-F633677D093E}"
EndProject
Project("{FAE04EC0-301F-11D3-BF4B-00C04F79EFBC}") = "ReadyPlayerMe.Extras.Editor", "ReadyPlayerMe.Extras.Editor.csproj", "{75E3D7E7-B22E-64DA-0433-50F591661316}"
EndProject
Project("{FAE04EC0-301F-11D3-BF4B-00C04F79EFBC}") = "PhotonUnityNetworking.Utilities.PhotonPlayer.Editor", "PhotonUnityNetworking.Utilities.PhotonPlayer.Editor.csproj", "{20713DBD-897D-8D2B-A1AD-636E5C4B6649}"
EndProject
Project("{FAE04EC0-301F-11D3-BF4B-00C04F79EFBC}") = "MicAmplifierEditor.Editor", "MicAmplifierEditor.Editor.csproj", "{DE2DEE85-F217-05EF-0838-ED120897E1A2}"
EndProject
Project("{FAE04EC0-301F-11D3-BF4B-00C04F79EFBC}") = "PhotonUnityNetworking.Utilities.Culling.Editor", "PhotonUnityNetworking.Utilities.Culling.Editor.csproj", "{5A5DEA47-B364-0E05-4B49-4B947FFC70B9}"
EndProject
Project("{FAE04EC0-301F-11D3-BF4B-00C04F79EFBC}") = "PunDemos.DemoSlotcarEditor", "PunDemos.DemoSlotcarEditor.csproj", "{80F1DF03-F8D3-84D2-D023-17AD02D53955}"
EndProject
Project("{FAE04EC0-301F-11D3-BF4B-00C04F79EFBC}") = "Pcx.Editor", "Pcx.Editor.csproj", "{5B496A63-EA21-C699-6298-F254B43B67F6}"
EndProject
Project("{FAE04EC0-301F-11D3-BF4B-00C04F79EFBC}") = "PhotonVoice.PUN.Editor", "PhotonVoice.PUN.Editor.csproj", "{736A7AA2-CDD4-2B27-E4F6-D70EA00658EA}"
EndProject
Project("{FAE04EC0-301F-11D3-BF4B-00C04F79EFBC}") = "GazeModifierEditor", "GazeModifierEditor.csproj", "{3AA4E145-377D-869D-E629-330637FEB438}"
EndProject
Global
	GlobalSection(SolutionConfigurationPlatforms) = preSolution
		Debug|Any CPU = Debug|Any CPU
		Release|Any CPU = Release|Any CPU
	EndGlobalSection
	GlobalSection(ProjectConfigurationPlatforms) = postSolution
		{9072657E-9F96-357D-241B-44D24BA3502F}.Debug|Any CPU.ActiveCfg = Debug|Any CPU
		{9072657E-9F96-357D-241B-44D24BA3502F}.Debug|Any CPU.Build.0 = Debug|Any CPU
		{9072657E-9F96-357D-241B-44D24BA3502F}.Release|Any CPU.ActiveCfg = Release|Any CPU
		{9072657E-9F96-357D-241B-44D24BA3502F}.Release|Any CPU.Build.0 = Release|Any CPU
		{31C3F987-C9BE-F6F4-8DD3-EAF5C07EE4DD}.Debug|Any CPU.ActiveCfg = Debug|Any CPU
		{31C3F987-C9BE-F6F4-8DD3-EAF5C07EE4DD}.Debug|Any CPU.Build.0 = Debug|Any CPU
		{31C3F987-C9BE-F6F4-8DD3-EAF5C07EE4DD}.Release|Any CPU.ActiveCfg = Release|Any CPU
		{31C3F987-C9BE-F6F4-8DD3-EAF5C07EE4DD}.Release|Any CPU.Build.0 = Release|Any CPU
		{67F07F2A-2854-45A4-8679-6E63F3FAE35F}.Debug|Any CPU.ActiveCfg = Debug|Any CPU
		{67F07F2A-2854-45A4-8679-6E63F3FAE35F}.Debug|Any CPU.Build.0 = Debug|Any CPU
		{67F07F2A-2854-45A4-8679-6E63F3FAE35F}.Release|Any CPU.ActiveCfg = Release|Any CPU
		{67F07F2A-2854-45A4-8679-6E63F3FAE35F}.Release|Any CPU.Build.0 = Release|Any CPU
		{8C189137-8871-037A-B351-6B2A2F5ADFF4}.Debug|Any CPU.ActiveCfg = Debug|Any CPU
		{8C189137-8871-037A-B351-6B2A2F5ADFF4}.Debug|Any CPU.Build.0 = Debug|Any CPU
		{8C189137-8871-037A-B351-6B2A2F5ADFF4}.Release|Any CPU.ActiveCfg = Release|Any CPU
		{8C189137-8871-037A-B351-6B2A2F5ADFF4}.Release|Any CPU.Build.0 = Release|Any CPU
		{6202AF5E-A483-8127-D2A0-B9BA458D52E6}.Debug|Any CPU.ActiveCfg = Debug|Any CPU
		{6202AF5E-A483-8127-D2A0-B9BA458D52E6}.Debug|Any CPU.Build.0 = Debug|Any CPU
		{6202AF5E-A483-8127-D2A0-B9BA458D52E6}.Release|Any CPU.ActiveCfg = Release|Any CPU
		{6202AF5E-A483-8127-D2A0-B9BA458D52E6}.Release|Any CPU.Build.0 = Release|Any CPU
		{62272E54-3550-09C2-CCC2-F82466872C2E}.Debug|Any CPU.ActiveCfg = Debug|Any CPU
		{62272E54-3550-09C2-CCC2-F82466872C2E}.Debug|Any CPU.Build.0 = Debug|Any CPU
		{62272E54-3550-09C2-CCC2-F82466872C2E}.Release|Any CPU.ActiveCfg = Release|Any CPU
		{62272E54-3550-09C2-CCC2-F82466872C2E}.Release|Any CPU.Build.0 = Release|Any CPU
		{6619C0F7-97D5-B174-D0D9-15E6E2A5FDA4}.Debug|Any CPU.ActiveCfg = Debug|Any CPU
		{6619C0F7-97D5-B174-D0D9-15E6E2A5FDA4}.Debug|Any CPU.Build.0 = Debug|Any CPU
		{6619C0F7-97D5-B174-D0D9-15E6E2A5FDA4}.Release|Any CPU.ActiveCfg = Release|Any CPU
		{6619C0F7-97D5-B174-D0D9-15E6E2A5FDA4}.Release|Any CPU.Build.0 = Release|Any CPU
		{DE21DF9B-1F1E-A9F3-C96E-C8B77BCCE55B}.Debug|Any CPU.ActiveCfg = Debug|Any CPU
		{DE21DF9B-1F1E-A9F3-C96E-C8B77BCCE55B}.Debug|Any CPU.Build.0 = Debug|Any CPU
		{DE21DF9B-1F1E-A9F3-C96E-C8B77BCCE55B}.Release|Any CPU.ActiveCfg = Release|Any CPU
		{DE21DF9B-1F1E-A9F3-C96E-C8B77BCCE55B}.Release|Any CPU.Build.0 = Release|Any CPU
		{F1B1F5BB-4770-EC70-6DA6-2EEA8A90CE08}.Debug|Any CPU.ActiveCfg = Debug|Any CPU
		{F1B1F5BB-4770-EC70-6DA6-2EEA8A90CE08}.Debug|Any CPU.Build.0 = Debug|Any CPU
		{F1B1F5BB-4770-EC70-6DA6-2EEA8A90CE08}.Release|Any CPU.ActiveCfg = Release|Any CPU
		{F1B1F5BB-4770-EC70-6DA6-2EEA8A90CE08}.Release|Any CPU.Build.0 = Release|Any CPU
		{8D355D4D-A919-C698-A534-A68458287D5A}.Debug|Any CPU.ActiveCfg = Debug|Any CPU
		{8D355D4D-A919-C698-A534-A68458287D5A}.Debug|Any CPU.Build.0 = Debug|Any CPU
		{8D355D4D-A919-C698-A534-A68458287D5A}.Release|Any CPU.ActiveCfg = Release|Any CPU
		{8D355D4D-A919-C698-A534-A68458287D5A}.Release|Any CPU.Build.0 = Release|Any CPU
		{1533DD56-270A-98BB-C137-A242536EFAC8}.Debug|Any CPU.ActiveCfg = Debug|Any CPU
		{1533DD56-270A-98BB-C137-A242536EFAC8}.Debug|Any CPU.Build.0 = Debug|Any CPU
		{1533DD56-270A-98BB-C137-A242536EFAC8}.Release|Any CPU.ActiveCfg = Release|Any CPU
		{1533DD56-270A-98BB-C137-A242536EFAC8}.Release|Any CPU.Build.0 = Release|Any CPU
		{0E7F1C4E-1561-7BF3-F338-DE8B73A2A669}.Debug|Any CPU.ActiveCfg = Debug|Any CPU
		{0E7F1C4E-1561-7BF3-F338-DE8B73A2A669}.Debug|Any CPU.Build.0 = Debug|Any CPU
		{0E7F1C4E-1561-7BF3-F338-DE8B73A2A669}.Release|Any CPU.ActiveCfg = Release|Any CPU
		{0E7F1C4E-1561-7BF3-F338-DE8B73A2A669}.Release|Any CPU.Build.0 = Release|Any CPU
		{1E801A73-599E-0605-5CD4-EB44124CFC39}.Debug|Any CPU.ActiveCfg = Debug|Any CPU
		{1E801A73-599E-0605-5CD4-EB44124CFC39}.Debug|Any CPU.Build.0 = Debug|Any CPU
		{1E801A73-599E-0605-5CD4-EB44124CFC39}.Release|Any CPU.ActiveCfg = Release|Any CPU
		{1E801A73-599E-0605-5CD4-EB44124CFC39}.Release|Any CPU.Build.0 = Release|Any CPU
		{0311A674-75B3-9E81-AF31-EC6EC400E79F}.Debug|Any CPU.ActiveCfg = Debug|Any CPU
		{0311A674-75B3-9E81-AF31-EC6EC400E79F}.Debug|Any CPU.Build.0 = Debug|Any CPU
		{0311A674-75B3-9E81-AF31-EC6EC400E79F}.Release|Any CPU.ActiveCfg = Release|Any CPU
		{0311A674-75B3-9E81-AF31-EC6EC400E79F}.Release|Any CPU.Build.0 = Release|Any CPU
		{B4FF7BE8-535A-39B4-A694-E9AF465F5BEB}.Debug|Any CPU.ActiveCfg = Debug|Any CPU
		{B4FF7BE8-535A-39B4-A694-E9AF465F5BEB}.Debug|Any CPU.Build.0 = Debug|Any CPU
		{B4FF7BE8-535A-39B4-A694-E9AF465F5BEB}.Release|Any CPU.ActiveCfg = Release|Any CPU
		{B4FF7BE8-535A-39B4-A694-E9AF465F5BEB}.Release|Any CPU.Build.0 = Release|Any CPU
		{8DA69870-2021-8A1F-A3B3-250C5BAF8F3C}.Debug|Any CPU.ActiveCfg = Debug|Any CPU
		{8DA69870-2021-8A1F-A3B3-250C5BAF8F3C}.Debug|Any CPU.Build.0 = Debug|Any CPU
		{8DA69870-2021-8A1F-A3B3-250C5BAF8F3C}.Release|Any CPU.ActiveCfg = Release|Any CPU
		{8DA69870-2021-8A1F-A3B3-250C5BAF8F3C}.Release|Any CPU.Build.0 = Release|Any CPU
		{F77320CE-5854-7ECE-AE5B-5F2BF9BFEFA2}.Debug|Any CPU.ActiveCfg = Debug|Any CPU
		{F77320CE-5854-7ECE-AE5B-5F2BF9BFEFA2}.Debug|Any CPU.Build.0 = Debug|Any CPU
		{F77320CE-5854-7ECE-AE5B-5F2BF9BFEFA2}.Release|Any CPU.ActiveCfg = Release|Any CPU
		{F77320CE-5854-7ECE-AE5B-5F2BF9BFEFA2}.Release|Any CPU.Build.0 = Release|Any CPU
		{B0EE85C2-EB81-428D-CD58-2255532A994D}.Debug|Any CPU.ActiveCfg = Debug|Any CPU
		{B0EE85C2-EB81-428D-CD58-2255532A994D}.Debug|Any CPU.Build.0 = Debug|Any CPU
		{B0EE85C2-EB81-428D-CD58-2255532A994D}.Release|Any CPU.ActiveCfg = Release|Any CPU
		{B0EE85C2-EB81-428D-CD58-2255532A994D}.Release|Any CPU.Build.0 = Release|Any CPU
		{2FB59F9F-BC0F-0FBC-0234-957384D911EC}.Debug|Any CPU.ActiveCfg = Debug|Any CPU
		{2FB59F9F-BC0F-0FBC-0234-957384D911EC}.Debug|Any CPU.Build.0 = Debug|Any CPU
		{2FB59F9F-BC0F-0FBC-0234-957384D911EC}.Release|Any CPU.ActiveCfg = Release|Any CPU
		{2FB59F9F-BC0F-0FBC-0234-957384D911EC}.Release|Any CPU.Build.0 = Release|Any CPU
		{DAED100E-B566-DFF6-9F2D-12968568EFBD}.Debug|Any CPU.ActiveCfg = Debug|Any CPU
		{DAED100E-B566-DFF6-9F2D-12968568EFBD}.Debug|Any CPU.Build.0 = Debug|Any CPU
		{DAED100E-B566-DFF6-9F2D-12968568EFBD}.Release|Any CPU.ActiveCfg = Release|Any CPU
		{DAED100E-B566-DFF6-9F2D-12968568EFBD}.Release|Any CPU.Build.0 = Release|Any CPU
		{E647C6D3-1897-4BB2-BCCC-8D0C9C15D21B}.Debug|Any CPU.ActiveCfg = Debug|Any CPU
		{E647C6D3-1897-4BB2-BCCC-8D0C9C15D21B}.Debug|Any CPU.Build.0 = Debug|Any CPU
		{E647C6D3-1897-4BB2-BCCC-8D0C9C15D21B}.Release|Any CPU.ActiveCfg = Release|Any CPU
		{E647C6D3-1897-4BB2-BCCC-8D0C9C15D21B}.Release|Any CPU.Build.0 = Release|Any CPU
		{9BA383F6-EEA2-25C2-870B-08855934A286}.Debug|Any CPU.ActiveCfg = Debug|Any CPU
		{9BA383F6-EEA2-25C2-870B-08855934A286}.Debug|Any CPU.Build.0 = Debug|Any CPU
		{9BA383F6-EEA2-25C2-870B-08855934A286}.Release|Any CPU.ActiveCfg = Release|Any CPU
		{9BA383F6-EEA2-25C2-870B-08855934A286}.Release|Any CPU.Build.0 = Release|Any CPU
		{D1496D1C-DAA9-F120-A71A-D1E48A6F675F}.Debug|Any CPU.ActiveCfg = Debug|Any CPU
		{D1496D1C-DAA9-F120-A71A-D1E48A6F675F}.Debug|Any CPU.Build.0 = Debug|Any CPU
		{D1496D1C-DAA9-F120-A71A-D1E48A6F675F}.Release|Any CPU.ActiveCfg = Release|Any CPU
		{D1496D1C-DAA9-F120-A71A-D1E48A6F675F}.Release|Any CPU.Build.0 = Release|Any CPU
		{2530A03E-E6F6-5F98-4BA1-522D6C5AA9DF}.Debug|Any CPU.ActiveCfg = Debug|Any CPU
		{2530A03E-E6F6-5F98-4BA1-522D6C5AA9DF}.Debug|Any CPU.Build.0 = Debug|Any CPU
		{2530A03E-E6F6-5F98-4BA1-522D6C5AA9DF}.Release|Any CPU.ActiveCfg = Release|Any CPU
		{2530A03E-E6F6-5F98-4BA1-522D6C5AA9DF}.Release|Any CPU.Build.0 = Release|Any CPU
		{0BB51668-3CF0-EA4F-A0F3-431739A61BDD}.Debug|Any CPU.ActiveCfg = Debug|Any CPU
		{0BB51668-3CF0-EA4F-A0F3-431739A61BDD}.Debug|Any CPU.Build.0 = Debug|Any CPU
		{0BB51668-3CF0-EA4F-A0F3-431739A61BDD}.Release|Any CPU.ActiveCfg = Release|Any CPU
		{0BB51668-3CF0-EA4F-A0F3-431739A61BDD}.Release|Any CPU.Build.0 = Release|Any CPU
		{616E3C8C-AF25-ACDA-EB2E-2E73665F1133}.Debug|Any CPU.ActiveCfg = Debug|Any CPU
		{616E3C8C-AF25-ACDA-EB2E-2E73665F1133}.Debug|Any CPU.Build.0 = Debug|Any CPU
		{616E3C8C-AF25-ACDA-EB2E-2E73665F1133}.Release|Any CPU.ActiveCfg = Release|Any CPU
		{616E3C8C-AF25-ACDA-EB2E-2E73665F1133}.Release|Any CPU.Build.0 = Release|Any CPU
		{B3D19651-E291-9363-7858-63D1FFC54269}.Debug|Any CPU.ActiveCfg = Debug|Any CPU
		{B3D19651-E291-9363-7858-63D1FFC54269}.Debug|Any CPU.Build.0 = Debug|Any CPU
		{B3D19651-E291-9363-7858-63D1FFC54269}.Release|Any CPU.ActiveCfg = Release|Any CPU
		{B3D19651-E291-9363-7858-63D1FFC54269}.Release|Any CPU.Build.0 = Release|Any CPU
		{739A7EB2-B767-53A7-0CDD-F633677D093E}.Debug|Any CPU.ActiveCfg = Debug|Any CPU
		{739A7EB2-B767-53A7-0CDD-F633677D093E}.Debug|Any CPU.Build.0 = Debug|Any CPU
		{739A7EB2-B767-53A7-0CDD-F633677D093E}.Release|Any CPU.ActiveCfg = Release|Any CPU
		{739A7EB2-B767-53A7-0CDD-F633677D093E}.Release|Any CPU.Build.0 = Release|Any CPU
		{75E3D7E7-B22E-64DA-0433-50F591661316}.Debug|Any CPU.ActiveCfg = Debug|Any CPU
		{75E3D7E7-B22E-64DA-0433-50F591661316}.Debug|Any CPU.Build.0 = Debug|Any CPU
		{75E3D7E7-B22E-64DA-0433-50F591661316}.Release|Any CPU.ActiveCfg = Release|Any CPU
		{75E3D7E7-B22E-64DA-0433-50F591661316}.Release|Any CPU.Build.0 = Release|Any CPU
		{20713DBD-897D-8D2B-A1AD-636E5C4B6649}.Debug|Any CPU.ActiveCfg = Debug|Any CPU
		{20713DBD-897D-8D2B-A1AD-636E5C4B6649}.Debug|Any CPU.Build.0 = Debug|Any CPU
		{20713DBD-897D-8D2B-A1AD-636E5C4B6649}.Release|Any CPU.ActiveCfg = Release|Any CPU
		{20713DBD-897D-8D2B-A1AD-636E5C4B6649}.Release|Any CPU.Build.0 = Release|Any CPU
		{DE2DEE85-F217-05EF-0838-ED120897E1A2}.Debug|Any CPU.ActiveCfg = Debug|Any CPU
		{DE2DEE85-F217-05EF-0838-ED120897E1A2}.Debug|Any CPU.Build.0 = Debug|Any CPU
		{DE2DEE85-F217-05EF-0838-ED120897E1A2}.Release|Any CPU.ActiveCfg = Release|Any CPU
		{DE2DEE85-F217-05EF-0838-ED120897E1A2}.Release|Any CPU.Build.0 = Release|Any CPU
		{5A5DEA47-B364-0E05-4B49-4B947FFC70B9}.Debug|Any CPU.ActiveCfg = Debug|Any CPU
		{5A5DEA47-B364-0E05-4B49-4B947FFC70B9}.Debug|Any CPU.Build.0 = Debug|Any CPU
		{5A5DEA47-B364-0E05-4B49-4B947FFC70B9}.Release|Any CPU.ActiveCfg = Release|Any CPU
		{5A5DEA47-B364-0E05-4B49-4B947FFC70B9}.Release|Any CPU.Build.0 = Release|Any CPU
		{80F1DF03-F8D3-84D2-D023-17AD02D53955}.Debug|Any CPU.ActiveCfg = Debug|Any CPU
		{80F1DF03-F8D3-84D2-D023-17AD02D53955}.Debug|Any CPU.Build.0 = Debug|Any CPU
		{80F1DF03-F8D3-84D2-D023-17AD02D53955}.Release|Any CPU.ActiveCfg = Release|Any CPU
		{80F1DF03-F8D3-84D2-D023-17AD02D53955}.Release|Any CPU.Build.0 = Release|Any CPU
		{5B496A63-EA21-C699-6298-F254B43B67F6}.Debug|Any CPU.ActiveCfg = Debug|Any CPU
		{5B496A63-EA21-C699-6298-F254B43B67F6}.Debug|Any CPU.Build.0 = Debug|Any CPU
		{5B496A63-EA21-C699-6298-F254B43B67F6}.Release|Any CPU.ActiveCfg = Release|Any CPU
		{5B496A63-EA21-C699-6298-F254B43B67F6}.Release|Any CPU.Build.0 = Release|Any CPU
		{736A7AA2-CDD4-2B27-E4F6-D70EA00658EA}.Debug|Any CPU.ActiveCfg = Debug|Any CPU
		{736A7AA2-CDD4-2B27-E4F6-D70EA00658EA}.Debug|Any CPU.Build.0 = Debug|Any CPU
		{736A7AA2-CDD4-2B27-E4F6-D70EA00658EA}.Release|Any CPU.ActiveCfg = Release|Any CPU
		{736A7AA2-CDD4-2B27-E4F6-D70EA00658EA}.Release|Any CPU.Build.0 = Release|Any CPU
		{3AA4E145-377D-869D-E629-330637FEB438}.Debug|Any CPU.ActiveCfg = Debug|Any CPU
		{3AA4E145-377D-869D-E629-330637FEB438}.Debug|Any CPU.Build.0 = Debug|Any CPU
		{3AA4E145-377D-869D-E629-330637FEB438}.Release|Any CPU.ActiveCfg = Release|Any CPU
		{3AA4E145-377D-869D-E629-330637FEB438}.Release|Any CPU.Build.0 = Release|Any CPU
	EndGlobalSection
	GlobalSection(SolutionProperties) = preSolution
		HideSolutionNode = FALSE
	EndGlobalSection
EndGlobal
